{
    "_meta": {
        "hash": {
            "sha256": "fe30aef66de0ca8fb70a0552bcab0500edc35142cf1c374782a7d4aa4aef6a57"
        },
        "pipfile-spec": 6,
        "requires": {
            "python_version": "3.6"
        },
        "sources": [
            {
                "name": "pypi",
                "url": "https://pypi.org/simple",
                "verify_ssl": true
            }
        ]
    },
    "default": {
        "aniso8601": {
            "hashes": [
                "sha256:4fc462db59811f541bc25d865b86367153d8ce773ae75b16d54e2e1cd393b5cc"
            ],
            "index": "pypi",
            "version": "==1.1.0"
        },
        "apipkg": {
            "hashes": [
                "sha256:2e38399dbe842891fe85392601aab8f40a8f4cc5a9053c326de35a1cc0297ac6",
                "sha256:65d2aa68b28e7d31233bb2ba8eb31cda40e4671f8ac2d6b241e358c9652a74b9"
            ],
            "index": "pypi",
            "version": "==1.4"
        },
        "appnope": {
            "hashes": [
                "sha256:5b26757dc6f79a3b7dc9fab95359328d5747fcb2409d331ea66d0272b90ab2a0",
                "sha256:8b995ffe925347a2138d7ac0fe77155e4311a0ea6d6da4f5128fe4b3cbe5ed71"
            ],
            "markers": "sys_platform == 'darwin'",
            "version": "==0.1.0"
        },
        "arrow": {
            "hashes": [
                "sha256:d7bd102f8d4b45fea74aad000079c73257c2a15c1886263084d2df0faaf923ea"
            ],
            "index": "pypi",
            "version": "==0.6.0"
        },
        "astroid": {
            "hashes": [
                "sha256:2a24cb2da31ab12c704730c49864a2017603d2601ff253eae75db8aca5598473",
                "sha256:3971c35c675dc7acfceb636eb1758b7df9fc3ad75b5f81ca89f57ccf51719442"
            ],
            "index": "pypi",
            "version": "==1.3.8"
        },
        "atomicwrites": {
            "hashes": [
                "sha256:240831ea22da9ab882b551b31d4225591e5e447a68c5e188db5b89ca1d487585",
                "sha256:a24da68318b08ac9c9c45029f4a10371ab5b20e4226738e150e6e7c571630ae6"
            ],
            "version": "==1.1.5"
        },
        "attrs": {
            "hashes": [
                "sha256:4b90b09eeeb9b88c35bc642cbac057e45a5fd85367b985bd2809c62b7b939265",
                "sha256:e0d0eb91441a3b53dab4d9b743eafc1ac44476296a2053b6ca3af0b139faf87b"
            ],
            "version": "==18.1.0"
        },
        "beautifulsoup4": {
            "hashes": [
                "sha256:a43204aaee0ef590a6073470f094564ddef6aca5f68c143c99262f8b4923af8c",
                "sha256:b702721f8722c94fbd2fbdfb42183c4b5b3d8871186b92a8898e2dfe4869aadb",
                "sha256:fad91da88f69438b9ba939ab1b2cabaa31b1d914f1cccb4bb157a993ed2917f6"
            ],
            "index": "pypi",
            "version": "==4.4.0"
        },
        "blinker": {
            "hashes": [
                "sha256:471aee25f3992bd325afa3772f1063dbdbbca947a041b8b89466dc00d606f8b6"
            ],
            "index": "pypi",
            "version": "==1.4"
        },
        "certifi": {
            "hashes": [
                "sha256:4c1d68a1408dd090d2f3a869aa94c3947cc1d967821d1ed303208c9f41f0f2f4",
                "sha256:b6e8b28b2b7e771a41ecdd12d4d43262ecab52adebbafa42c77d6b57fb6ad3a4"
            ],
            "index": "pypi",
            "version": "==2018.8.13"
        },
        "decorator": {
            "hashes": [
                "sha256:1a089279d5de2471c47624d4463f2e5b3fc6a2cf65045c39bf714fc461a25206",
                "sha256:7f4a9599355fe2e3d10353340ee79d65f1b48e424db09fb9349171ecdb0cfb1c"
            ],
            "index": "pypi",
            "version": "==4.0.2"
        },
        "execnet": {
            "hashes": [
                "sha256:d2b909c7945832e1c19cfacd96e78da68bdadc656440cfc7dfe59b766744eb8c",
                "sha256:f66dd4a7519725a1b7e14ad9ae7d3df8e09b2da88062386e08e941cafc0ef3e6"
            ],
            "index": "pypi",
            "version": "==1.4.1"
        },
        "flask": {
            "hashes": [
                "sha256:4c83829ff83d408b5e1d4995472265411d2c414112298f2eb4b359d9e4563373"
            ],
            "index": "pypi",
            "version": "==0.10.1"
        },
        "flask-redis": {
            "hashes": [
                "sha256:3db36ba04a50d7bd0180389e6f5fd02b34cc1c7ff2ecfd03ead421bdcdf9b815",
                "sha256:d930f96cc0fd1f6e839821485752eb641a850eb51005307222709b57fd35405e",
                "sha256:db05c0d7912d529ac416f082ac3257eedab12d38ccb4a5c2210b346174a4358b"
            ],
            "index": "pypi",
            "version": "==0.1.0"
        },
        "flask-restful": {
            "hashes": [
                "sha256:7799326da016045bb6e67d6ff7be334303408b9dca39a68f0a2a4e54078f0389",
                "sha256:cce4aeff959b571136b5af098bebe7d3deeca7eb1411c4e722ff2c5356ab4c42"
            ],
            "index": "pypi",
            "version": "==0.3.5"
        },
        "flask-restful-swagger": {
            "hashes": [
                "sha256:dbd43cf6eacdbe5ddc2bf4adc2272cf432943631c2df35069255f6d220a2ba9a"
            ],
            "index": "pypi",
            "version": "==0.19"
        },
        "flask-restplus": {
            "hashes": [
                "sha256:3bb76cc156b9a09da62396d82b29fa31e4f27cccf79528538fe7155cf2785593",
                "sha256:91d9866d2a33d33ea01eaebf42358e7d7806938bbab7d5d00062073ddfa7608d"
            ],
            "index": "pypi",
            "version": "==0.8.6"
        },
        "flask-script": {
            "hashes": [
                "sha256:cef76eac751396355429a14c38967bb14d4973c53e07dec94af5cc8fb017107f"
            ],
            "index": "pypi",
            "version": "==2.0.5"
        },
        "flask-testing": {
            "hashes": [
                "sha256:921c7c653e0d511ed87fbf70d984e27afea8dfa7e10b358689863d7a63e05321"
            ],
            "index": "pypi",
            "version": "==0.4.2"
        },
        "freeze": {
            "hashes": [
                "sha256:46dd58c0588b492a954fe672c218fa8a09926dbbd7505843de0f9aa70c409fce"
            ],
            "index": "pypi",
            "version": "==1.0.9"
        },
        "gaia": {
            "git": "ssh://git@git.bink.com/Olympus/gaia.git",
            "ref": "1a4acea7134c30e3d7693272211e31be01326912"
        },
        "gnureadline": {
            "hashes": [
                "sha256:10da0e30e1e014cc5879f63e987e28dd84f7dc6c36bc2e3b170355f9c18ad4e0",
                "sha256:12a38c189020fd60914da7d0d39a98237a6c372d83a229e3166fc259413c4621",
                "sha256:27e0a87edb5c049ac6516a9f2dd55c16fa9e2db95be5e147175c83a9af368df0",
                "sha256:41c53183e57f02a8683b9e72ca8d42141e4a377893612e6aa022f6c969f2143a",
                "sha256:4bf883a08ac02f9bcd3a1991633a774ce8692c4c5855f2e7c557e242c3266353",
                "sha256:58e208ed34a53456ecf58bc11eacbe332c50d322b329457e2c645bd15192b035",
                "sha256:7acd5bafcbfd8d3ad34d35b8aa478513185e6b39ea549991c99b64a0482534e5",
                "sha256:8f4de3f730f99ab01db35caf83b251159b5fe7427cc89630276f664292b4f398",
                "sha256:9e6589f3119c27808630118d2345b601a865d699495bf2929d87401e980b43e6",
                "sha256:cc293089fc76dd7f068db2d8c8d23238ea0181a31feacd11d674e4a20038448d",
                "sha256:faa92b9ea4a64dc8403cf2a0c9dfa839745cfff50e1f04c39dbec908d35e250b"
            ],
            "markers": "sys_platform == 'darwin'",
            "version": "==6.3.8"
        },
        "graypy": {
            "hashes": [
                "sha256:a07936082b0bfad1b34e768f3cb265de19b3db7a621f7b9d09e46372e40a5320"
            ],
            "index": "pypi",
            "version": "==0.3"
        },
        "hashids": {
            "hashes": [
                "sha256:6539b892a426e75747a9c0ad69409e9566f9c21b79310fc3424b5b6726f28da6"
            ],
            "index": "pypi",
            "version": "==1.2.0"
        },
        "httpretty": {
            "hashes": [
                "sha256:83c176bbac9d68a45a5cca54f2d5be7e6b16a063adf6f334e7fd0eee272e976e",
                "sha256:cf51d23dae21b4da2c083a6efa381f5ab967d61095e45de1123f358812024237"
            ],
            "index": "pypi",
            "version": "==0.8.14"
        },
        "hvac": {
            "hashes": [
                "sha256:2c9308334301daee3b5c6d56a032ca2c81eeb97d2777b73d795e201e8d037687"
            ],
            "index": "pypi",
            "version": "==0.5.0"
        },
        "influxdb": {
            "hashes": [
                "sha256:7da7e3c701047e613bb7f67a477a7d1fa46be7203bbb7cf16c03b46050cc801a",
                "sha256:b57f31205b4ef14aeca62dc9968c4a262ee5c29b44bff0d7fa6956d7bd4fbcf9"
            ],
            "index": "pypi",
            "version": "==2.12.0"
        },
        "ipdb": {
            "hashes": [
                "sha256:1763d1564113f5eb89df77879a8d3213273c4d7ff93dcb37a3070cdf0c34fd7c"
            ],
            "index": "pypi",
            "version": "==0.8.1"
        },
        "ipython": {
            "hashes": [
                "sha256:2fd276c407fb0b29e5d4884a7029a2c27fef0a06fd7a34924cce69b7cc43f4da",
                "sha256:56c047c989aeec6685ee2a8b25c07ecdca042a23749e6ea23cfb194844e157bc",
                "sha256:5a794c7734494cf8536a67d509cf1443f4e5488837a27c2c5b348d84059147c1",
                "sha256:9541ce679e51ebbd0dbd3226cb434cc3ac9321b52f03badad2975f60d6c9f0ba"
            ],
            "index": "pypi",
            "version": "==4.0.0"
        },
        "ipython-genutils": {
            "hashes": [
                "sha256:0c43fa84e93ad0e4dbecaffc6656ac1caf1a48359b2bb0a5da3af84164e3f49b",
                "sha256:3a0624a251a26463c9dfa0ffa635ec51c4265380980d9a50d65611c3c2bd82a6",
                "sha256:6218e9abd612fb5acfb175ea7c7b026006de4df9691d9a73c9b390cfa1a41c2b"
            ],
            "version": "==0.1.0"
        },
        "itsdangerous": {
            "hashes": [
                "sha256:cbb3fcf8d3e33df861709ecaf89d9e6629cff0a217bc2848f1b41cd30d360519"
            ],
            "index": "pypi",
            "version": "==0.24"
        },
        "jinja2": {
            "hashes": [
                "sha256:74c935a1b8bb9a3947c50a54766a969d4846290e1e788ea44c1392163723c3bd",
                "sha256:f84be1bb0040caca4cea721fcbbbbd61f9be9464ca236387158b0feea01914a4"
            ],
            "index": "pypi",
            "version": "==2.10"
        },
        "jsonschema": {
            "hashes": [
                "sha256:36673ac378feed3daa5956276a829699056523d7961027911f064b52255ead41",
                "sha256:71e7b3bcf9fca408bcb65bb60892f375d3abdd2e4f296eeeb8fe0bbbfcde598e",
                "sha256:9088494da4c74497a7a27842ae4ca9c3355b5f7754121edc440463eaf020f079"
            ],
            "index": "pypi",
            "version": "==2.5.1"
        },
        "logilab-common": {
            "hashes": [
                "sha256:9614fdddab90b1170d210c55f67f42584344b2a5fd6091fe4ac142069b08a4ad"
            ],
            "index": "pypi",
            "version": "==1.1.0"
        },
        "lxml": {
            "hashes": [
                "sha256:0cf1eca0652c4409e0655e04b840d6d85b7eb18718f5fba3862acad5500e3480",
                "sha256:10624ef1b468252309f269b13af4f837e3a82be366b5f3e49b0e83f1ad66205f",
                "sha256:1259e374da3a575615fe402e0966c5894bae3d2e229c2239ba4ebf2bb020c4b6",
                "sha256:26bb748af1ead0097eb8272b8a06f15a0015b8f312eef772a95f223a16e7de56",
                "sha256:27d0b13bcfcf2f6a5664e64fc3d684c76db1cdba5a5761795d154063559e0b59",
                "sha256:2b013fdabcbc21bc2770437099b921ec290235752b5baaac7a601f75094a378d",
                "sha256:2e469ea2c0b722b9b393187649e7d126c537a68512fc92a676fe86e57050c2a9",
                "sha256:37f7c2cdf513a0ea239c1609681880fb2f0073de0d2996e0ae9a7f0ef15d8b95",
                "sha256:68c6afc7a4411db2df28307e2493c945cb3d887e8f431b81811c1ea6ba087b8b",
                "sha256:73fe3452fc02c0b418914f842f897bdad0f1184368d8d9c315294ff7b94946f2",
                "sha256:7584d83d7315f641510e5f97f4d636ea225fd76e3f8aee965b2e8c93a8169b4d",
                "sha256:76e3ec6b26b1198dd5e6e20539d8360dcd3b224cd80cadba9307b790fda79161",
                "sha256:8288a889cbaa446e5fa168837456e63098b91953c89e5857968a5091b337cdca",
                "sha256:ad9e1fee284dec97b74cd88e925eca1575145598c974243cfb5e859f406adc32",
                "sha256:b360c3769cf0fd7d82577e40e37d4caf693f67744d0d61d11d66b5c31eaccf7a",
                "sha256:c4aaf320284a2713428163bae0e7df0db3b489237ab4830179210a12d56d3068",
                "sha256:c530274e43b0f376cd94e8e0a3e6ea28de1739ec4326689bdbf626e172d2e614",
                "sha256:ca4e79294fd0f3f9e0e5a4c309df84b5f2abc62349bfaf2aaf8965e5108ef8e2",
                "sha256:ce2dc5a104e885abbd48d0cc92ae74afa1d685ee65d6e3497067207d6a26e177",
                "sha256:d295cac30d3e13e82473081ea7df2a11352b5625cb54187fcd5a8be5d9ebf315",
                "sha256:d498338b39c4757ba88bdc705b3a0647d18554856cd2d394ac3bb919ac890c9d",
                "sha256:d537f8e613074805e17039e345edaa822534f66f07d315c89cff9824aa996d65",
                "sha256:df8ba3f52ef59a553b0e94593ea526c34faa4f531c1ab7f5ca7f392bc770c9e3",
                "sha256:e2553800d2d461a2dc329682d0a9068f238ec11d763e5454c61c4df7a0346ed2",
                "sha256:e2afbe403090f5893e254958d02875e0732975e73c4c0cdd33c1f009a61963ca",
                "sha256:e740efa625883f3c4de20c7e1411228d7ce2ab47b9e874a703f6681ec0558a30",
                "sha256:ec7864b62da0f5ae44973351247f2250a25b9b544fc6aff8bd6a75da1156cc70",
                "sha256:f26ddab491b10279b7e8e3fdcbaaaba3ab282fbaecfa48a19874dfc4d53b9d4f",
                "sha256:f6a16681f30918521066ddcc4ba79c1e033c9837dd94f78f5a9f6110e7572185",
                "sha256:f968623ac9b81a6253d4bbbe3f4d1e6be5f33707f397b566935783511bfa281a"
            ],
            "index": "pypi",
            "version": "==4.2.4"
        },
        "markupsafe": {
            "hashes": [
                "sha256:a4ec1aff59b95a14b45eb2e23761a0179e98319da5a7eb76b56ea8cdc7b871c3"
            ],
            "index": "pypi",
            "version": "==0.23"
        },
        "more-itertools": {
            "hashes": [
                "sha256:c187a73da93e7a8acc0001572aebc7e3c69daf7bf6881a2cea10650bd4420092",
                "sha256:c476b5d3a34e12d40130bc2f935028b5f636df8f372dc2c1c01dc19681b2039e",
                "sha256:fcbfeaea0be121980e15bc97b3817b5202ca73d0eae185b4550cbfce2a3ebb3d"
            ],
            "version": "==4.3.0"
        },
        "path.py": {
            "hashes": [
                "sha256:186428957fa535fbd1428f553fe9180cb62a8d1cc0979fdabda96d542cb31f79",
                "sha256:692feac9d1fe3b70239b2f0f07dcdbbdad38e3611846924de33ec6175d87638e"
            ],
            "index": "pypi",
            "version": "==7.7.1"
        },
        "pexpect": {
            "hashes": [
                "sha256:dfea618d43e83cfff21504f18f98019ba520f330e4142e5185ef7c73527de5ba"
            ],
            "index": "pypi",
            "version": "==3.3"
        },
        "pickleshare": {
            "hashes": [
                "sha256:c0be5745035d437dbf55a96f60b7712345b12423f7d0951bd7d8dc2141ca9286"
            ],
            "index": "pypi",
            "version": "==0.5"
        },
        "pluggy": {
            "hashes": [
                "sha256:6e3836e39f4d36ae72840833db137f7b7d35105079aee6ec4a62d9f80d594dd1",
                "sha256:95eb8364a4708392bae89035f45341871286a333f749c3141c20573d2b3876e1"
            ],
            "version": "==0.7.1"
        },
        "psycopg2-binary": {
            "hashes": [
                "sha256:02eb674e3d5810e19b4d5d00720b17130e182da1ba259dda608aaf33d787347d",
                "sha256:3a14baeabcebd4662f12f4bff03e0574a2369a2e41baf829e6fb4a24c95cf88b",
                "sha256:436a503eda41f6adb08f292f40a3784fce0a5f351b6ae7b19a911904db53af93",
                "sha256:465ff1d427ed42c31e456dbbd9edab3552be18a0edaef7450c5b3e6fee745052",
                "sha256:4a1a5ea2fa4b53191637b162873a82822d92a85a08beefe28296b8eb5cf2fea5",
                "sha256:4a4f23a08fbccbe40ecdb5384d807bcb469ea71dd87e6be2e80b036b8e6d47df",
                "sha256:77a2fc622a1f2d08a707673c9be5769d521f03d867d305f172bb417fa7882754",
                "sha256:8014c06a9ed7b78ba81beff3ae71acd78c212390f8ed839e9ce22735880bd5b4",
                "sha256:83af04029bcb4b56c852e5876fef71340dcb465fa44fc99f80bac72e10fb0b74",
                "sha256:86c0d2587f56776f25d52cca8e275adf495c8e01933fbfc2ca23b124610ab761",
                "sha256:9305d7cbc802aaefac5c75a3df725f2654797369f32b18d4d0adb382dfab6c09",
                "sha256:9b5ddbed85ec73293695d7116589d956ef0dd3fcf7bf3b2a3bc1e8e54c1d543a",
                "sha256:a3d2cc0cb0b988dbfd0d11f7fac34058b25a6ce533ed5b8e88d6cb315e77d54a",
                "sha256:ab1db8f3e96570d9f7ebc45133ce2574804b2280499baade178e163d022107b5",
                "sha256:b039f51bca1ddd70234cc3f84f94f42ad43861b931bdfb497f887c60c39a6565",
                "sha256:b287ddf4cafcfb632974907d1e7862119e36bb758228bdb07dd247553e4cdfc0",
                "sha256:b6b2b26590304d97ef2af28d153ee99ace6fe0806934f4618edfc87216c77f91",
                "sha256:c4c6004d410c77bfa5389ae9485498ce32805447a67afbfe8db0d247a5c88fa1",
                "sha256:c606bff0978ee4858d86d40f6b6ab0c4cac4474f627bd054683dc03a4fc1a366",
                "sha256:c8220c521a408b41c4f14036004a621ed0d965941286b978cd2ea2623fabd755",
                "sha256:cb07184a4bfad304831f0a88b1c13fbd8cf9fcdf1f11e71c477dd6d7b1b078a0",
                "sha256:cf3911fba0c47fc1313b5783183cda301032b14637a0b7a336766ae46998c7ee",
                "sha256:d0972f062c73956332e9681dfdb133168618f0abfecc96e89f0205ac89cd454b",
                "sha256:d1dd3eb8edd354083f5d27b968c5a17854c41347ba5a480b520be85ec1a8495c",
                "sha256:d51c7ed810fce1e50464088c37cc8da05534de8afb12a732500827ebcc480081",
                "sha256:d8940b5104588d6313315e037f0f5ed68d2e5f62ccc1c429d3cff11d2ba6de3f",
                "sha256:de4f88f823037a71ea5ef3c1041d96b8a68d73343133edda684fd42f575bd9d7"
            ],
            "index": "pypi",
            "version": "==2.7.4"
        },
        "py": {
            "hashes": [
                "sha256:3fd59af7435864e1a243790d322d763925431213b6b8529c6ca71081ace3bbf7",
                "sha256:e31fb2767eb657cbde86c454f02e99cb846d3cd9d61b318525140214fdc0e98e"
            ],
            "version": "==1.5.4"
        },
        "pycryptodome": {
            "hashes": [
                "sha256:043c82cd3dd3120286a1b325ace93000cf52abb13a067c3ecb6220f874fe4c30",
                "sha256:0cdd73492859d853f60b8185715312dbca465879661e28d354d1cf5ea11860e7",
                "sha256:15013007e393d0cc0e69f4329a47c4c8597b7f3d02c12c03f805405542f70c71",
                "sha256:19d81b92bff837cdade735b9023808556bb4868e1ce194dad4d5ec4e2b2851f3",
                "sha256:1ceb3e87605c4f0080115a8a00abf45f5df27b0166a37fd669fbff4523273cfc",
                "sha256:2354a77051ed4a2959ce2aac508071eb3e42fc348ea39228b2eac335990bf508",
                "sha256:27bd2878200690b050dca34f505b5c623532324b3de40267c1484784063134df",
                "sha256:322f239e51fda80233762400a8975ab728639b571fa58545b95b9c44042af010",
                "sha256:49a71eb990af30ff6276cfe201eb83ed3640ae989c1b5973f7b55a46c94232d1",
                "sha256:4b5a2680008da3ac0cef2d3661597e0cbf8a3eb19eed35b859fd67e2de63eb85",
                "sha256:6d34fe5134eb5d62368e21e6f203ac1770bc7273e9536c4a280121312c2de53a",
                "sha256:733d5eb7e5ceed8b9d0b3c24c81f52c04cb5de6786461388204fceefe4456aa5",
                "sha256:7c73d3798fe2946953768b788ce554c0d4b390780f5e73d63bd833241af27bfe",
                "sha256:97af76f5200f15e97cac58d77f319dec40b4bada98de697c91a9517e63b41d1a",
                "sha256:97cc46ff02b99dafdc2e0385b325cec0f8a15bf8b285d6ed1d7e4a3bc2067ce1",
                "sha256:a561b59e0c3548eb649af381b7c38c6fd8392bbd4d0a8214794b2b761f405af4",
                "sha256:ab2c633bfc23cf41be9281228517cb6f87879f4f1aeb154ed72bd53ab7cc83e9",
                "sha256:adb54316998337f315520bbd8ef4d8bbd940b4ddfaef8ba1db3c137c5e499399",
                "sha256:b4a3b710287eb1fc3e2cc1af018063f003530dff00c9ea4c55ae19bc1f3923cc",
                "sha256:bcfdb66d6604882c3f96eea922552c2487cc0aec4b883cd217b9d341d2f8fad0",
                "sha256:c08c053eb8716bbbd5e13e38f453b9e46a063e68df8659f3c421dcb7519fd381",
                "sha256:e51da4ef9d9e2695a04044152f380c2db17adc9fc6fad8e24d863ead9cd548ed",
                "sha256:e850e07f54dc3de9a1efdd59d227fcd1cb30cdd307dafdc647c79e8f30cf5032",
                "sha256:ebc579c41fe26748dc1bad4f9105f08740ee28826293a28103b3875968695a5e",
                "sha256:ed94cb1b4bf24be734f2bf2db3e8ea75f3914d2f8e684291bee54bbe4a5a9151",
                "sha256:f5e19802295e63bdf83bb92849285c01f7167840efb1c1e08507a50b10ba7efa",
                "sha256:fc569682f012b1f62f8d28d8f9bc71f1de67648cd1bc124ef8ccf8db4edfc28a"
            ],
            "index": "pypi",
            "version": "==3.6.1"
        },
        "pyexecjs": {
            "hashes": [
                "sha256:6618c54af7fc74cd4ec0428533885d8dfbbb321bb84b517498803a7498385af0",
                "sha256:d476a03baf5c011879df802ac1b1cfebd743c53872e920d089926d1324599f20"
            ],
            "index": "pypi",
            "version": "==1.1.0"
        },
        "pytest": {
            "hashes": [
                "sha256:8214ab8446104a1d0c17fbd218ec6aac743236c6ffbe23abc038e40213c60b88",
                "sha256:e2b2c6e1560b8f9dc8dd600b0923183fbd68ba3d9bdecde04467be6dd296a384"
            ],
            "index": "pypi",
            "version": "==3.7.0"
        },
        "pytest-forked": {
            "hashes": [
                "sha256:e4500cd0509ec4a26535f7d4112a8cc0f17d3a41c29ffd4eab479d2a55b30805",
                "sha256:f275cb48a73fc61a6710726348e1da6d68a978f0ec0c54ece5a5fae5977e5a08"
            ],
            "index": "pypi",
            "version": "==0.2"
        },
        "pytest-xdist": {
            "hashes": [
                "sha256:65228a859191f2c74ee68c127317eefe35eedd3d43fc1431f19240663b0cafcd",
                "sha256:c94039645151efca320430b7dbc2991fca38f918fa8d9420d2d8d060b8bd62ce"
            ],
            "index": "pypi",
            "version": "==1.22.0"
        },
        "python-dateutil": {
            "hashes": [
                "sha256:2ae63cf475f0bd049b722fac20813d62aedc14957dd5a3bf00d120d2b5404460",
                "sha256:3e95445c1db500a344079a47b171c45ef18f57d188dffdb0e4165c71bea8eb3d"
            ],
            "index": "pypi",
            "version": "==2.4.2"
        },
        "pytz": {
            "hashes": [
                "sha256:3ede470d3d17ba3c07638dfa0d10452bc1b6e5ad326127a65ba77e6aaeb11bec",
                "sha256:8b6ce1c993909783bc96e0b4f34ea223bff7a4df2c90bdb9c4e0f1ac928689e3",
                "sha256:99266ef30a37e43932deec2b7ca73e83c8dbc3b9ff703ec73eca6b1dae6befea",
                "sha256:fbd26746772c24cb93c8b97cbdad5cb9e46c86bbdb1b9d8a743ee00e2fb1fc5d"
            ],
            "index": "pypi",
            "version": "==2015.7"
        },
        "raven": {
            "hashes": [
                "sha256:3fd787d19ebb49919268f06f19310e8112d619ef364f7989246fc8753d469888",
                "sha256:95f44f3ea2c1b176d5450df4becdb96c15bf2632888f9ab193e9dd22300ce46a"
            ],
            "index": "pypi",
            "version": "==6.9.0"
        },
        "redis": {
            "hashes": [
                "sha256:a4fb37b02860f6b1617f6469487471fd086dd2d38bbce640c2055862b9c4019c"
            ],
            "index": "pypi",
            "version": "==2.10.3"
        },
        "requests": {
            "hashes": [
                "sha256:20f976cdce02a42b69ce80e9e03897a51814b36d448b37288546086ebc473146",
                "sha256:398a3db6d61899d25fd4a06c6ca12051b0ce171d705decd7ed5511517b4bb93d"
            ],
            "index": "pypi",
            "version": "==2.7.0"
        },
        "requests-futures": {
            "hashes": [
                "sha256:33aa8a3b7892850701707d7e094b1e1ce7c4f7a36ff2a1dcc2da4e01a1a00f7e"
            ],
            "index": "pypi",
            "version": "==0.9.5"
        },
        "robobrowser": {
            "hashes": [
                "sha256:31219acab41ca68adce928e5c1e04acebba4ceabeb447b9c5e408d7b30fee983"
            ],
            "index": "pypi",
            "version": "==0.5.3"
        },
        "selenium": {
            "hashes": [
                "sha256:267418f5fde1a4f8c180e5b8f45bd57c6d45b1f7d8fa5ad699a48e9a98fa79a3",
                "sha256:69b479bdfa1ab2fee86a75086f7d5c6ef93cdad8cb6521cb0596554c6722f3eb"
            ],
            "index": "pypi",
            "version": "==3.5.0"
        },
        "shellescape": {
            "hashes": [
                "sha256:3ff2aeb6ce2c5a4e6059fe4a2a745a824f5a3834fe8365a39c5ea691073cfdb6",
                "sha256:e618b2bc13f2553315ca1669995dc10fcc2cae5f1e0fda49035ef02d56f0b358"
            ],
            "index": "pypi",
            "version": "==3.4.1"
        },
        "simplegeneric": {
            "hashes": [
                "sha256:dc972e06094b9af5b855b3df4a646395e43d1c9d0d39ed345b7393560d0b9173"
            ],
            "index": "pypi",
            "version": "==0.8.1"
        },
        "six": {
            "hashes": [
                "sha256:0ff78c403d9bccf5a425a6d31a12aa6b47f1c21ca4dc2573a7e2f32a97335eb1",
                "sha256:105f8d68616f8248e24bf0e9372ef04d3cc10104f1980f54d57b2ce73a5ad56a"
            ],
            "index": "pypi",
            "version": "==1.10.0"
        },
        "slacker": {
            "hashes": [
                "sha256:3da946656c5925767b8e4b8c8a013594db407d1e32f6634b8a73ce4d88973e45"
            ],
            "index": "pypi",
            "version": "==0.8.6"
        },
        "sqlalchemy": {
            "hashes": [
                "sha256:64b4720f0a8e033db0154d3824f5bf677cf2797e11d44743cf0aebd2a0499d9d"
            ],
            "index": "pypi",
            "version": "==1.2.2"
        },
        "traitlets": {
            "hashes": [
                "sha256:9c4bd2d267b7153df9152698efb1050a5d84982d3384a37b2c1f7723ba3e7835",
                "sha256:c6cb5e6f57c5a9bdaa40fa71ce7b4af30298fbab9ece9815b5d995ab6217c7d9"
            ],
            "index": "pypi",
            "version": "==4.3.2"
        },
        "tzlocal": {
            "hashes": [
                "sha256:438f122d684c951b22cb98aecc80fdb961b84e69542bf878c6b9a9419de09a8b"
            ],
            "index": "pypi",
            "version": "==1.2"
        },
        "voluptuous": {
            "hashes": [
                "sha256:17c438cd0bc73e22988d05d3c1f6118598b260456af9a0990c00e2ba5a2fff23"
            ],
            "index": "pypi",
            "version": "==0.8.7"
        },
        "werkzeug": {
            "hashes": [
                "sha256:c3fd7a7d41976d9f44db327260e263132466836cef6f91512889ed60ad26557c",
                "sha256:d5da73735293558eb1651ee2fddc4d0dedcfa06538b8813a2e20011583c9e49b"
            ],
            "index": "pypi",
            "version": "==0.14.1"
        },
        "xmltodict": {
            "hashes": [
                "sha256:275d1e68c95cd7e3ee703ddc3ea7278e8281f761680d6bdd637bcd00a5c59901"
            ],
            "index": "pypi",
            "version": "==0.9.2"
        },
        "xvfbwrapper": {
            "hashes": [
                "sha256:39a2035e516e353c83d1cccbbb6d0d90b6202ef54a53c1f12807d72e2268ddd0"
            ],
            "index": "pypi",
            "version": "==0.2.6"
        }
    },
    "develop": {}
}
